
Microsoft Visual Studio Solution File, Format Version 12.00
# Visual Studio Version 16
VisualStudioVersion = 16.0.31702.278
MinimumVisualStudioVersion = 10.0.40219.1
Project("{FAE04EC0-301F-11D3-BF4B-00C04F79EFBC}") = "mcvtable", "mcvtable\mcvtable.csproj", "{DF8BA9C4-0111-40FF-9F91-CD5D14D9D6EC}"
EndProject
Global
	GlobalSection(SolutionConfigurationPlatforms) = preSolution
		Debug|Any CPU = Debug|Any CPU
		Release|Any CPU = Release|Any CPU
	EndGlobalSection
	GlobalSection(ProjectConfigurationPlatforms) = postSolution
		{DF8BA9C4-0111-40FF-9F91-CD5D14D9D6EC}.Debug|Any CPU.ActiveCfg = Debug|Any CPU
		{DF8BA9C4-0111-40FF-9F91-CD5D14D9D6EC}.Debug|Any CPU.Build.0 = Debug|Any CPU
		{DF8BA9C4-0111-40FF-9F91-CD5D14D9D6EC}.Release|Any CPU.ActiveCfg = Release|Any CPU
		{DF8BA9C4-0111-40FF-9F91-CD5D14D9D6EC}.Release|Any CPU.Build.0 = Release|Any CPU
	EndGlobalSection
	GlobalSection(SolutionProperties) = preSolution
		HideSolutionNode = FALSE
	EndGlobalSection
	GlobalSection(ExtensibilityGlobals) = postSolution
		SolutionGuid = {284E1157-329A-48C1-B3AF-CC00CC06C018}
	EndGlobalSection
EndGlobal
