
Microsoft Visual Studio Solution File, Format Version 12.00
# Visual Studio Version 16
VisualStudioVersion = 16.0.31702.278
MinimumVisualStudioVersion = 10.0.40219.1
Project("{FAE04EC0-301F-11D3-BF4B-00C04F79EFBC}") = "mcvtable", "mcvtable\mcvtable.csproj", "{DF8BA9C4-0111-40FF-9F91-CD5D14D9D6EC}"
EndProject
Project("{2150E333-8FDC-42A3-9474-1A3956D46DE8}") = "Examples", "Examples", "{9726211E-5A62-4CFC-B61C-D0812308CAAC}"
EndProject
Project("{2150E333-8FDC-42A3-9474-1A3956D46DE8}") = "1.18.10", "1.18.10", "{84BA9130-6B95-483C-974A-8ACF5A0E951F}"
EndProject
Project("{2150E333-8FDC-42A3-9474-1A3956D46DE8}") = "MCM", "MCM", "{DF318E3B-5CE5-4A32-881F-FBDE163C3F24}"
EndProject
Project("{2150E333-8FDC-42A3-9474-1A3956D46DE8}") = "Memory.dll", "Memory.dll", "{E24A70F3-A38A-48D5-9C67-37B3CF4B10A8}"
EndProject
Project("{FAE04EC0-301F-11D3-BF4B-00C04F79EFBC}") = "SetPosExample", "SetPosExample\SetPosExample.csproj", "{210A27C3-3BBA-4763-9845-4F0B3AFC65D9}"
EndProject
Global
	GlobalSection(SolutionConfigurationPlatforms) = preSolution
		Debug|Any CPU = Debug|Any CPU
		Debug|x64 = Debug|x64
		Debug|x86 = Debug|x86
		Release|Any CPU = Release|Any CPU
		Release|x64 = Release|x64
		Release|x86 = Release|x86
	EndGlobalSection
	GlobalSection(ProjectConfigurationPlatforms) = postSolution
		{DF8BA9C4-0111-40FF-9F91-CD5D14D9D6EC}.Debug|Any CPU.ActiveCfg = Debug|Any CPU
		{DF8BA9C4-0111-40FF-9F91-CD5D14D9D6EC}.Debug|Any CPU.Build.0 = Debug|Any CPU
		{DF8BA9C4-0111-40FF-9F91-CD5D14D9D6EC}.Debug|x64.ActiveCfg = Debug|x64
		{DF8BA9C4-0111-40FF-9F91-CD5D14D9D6EC}.Debug|x64.Build.0 = Debug|x64
		{DF8BA9C4-0111-40FF-9F91-CD5D14D9D6EC}.Debug|x86.ActiveCfg = Debug|Any CPU
		{DF8BA9C4-0111-40FF-9F91-CD5D14D9D6EC}.Debug|x86.Build.0 = Debug|Any CPU
		{DF8BA9C4-0111-40FF-9F91-CD5D14D9D6EC}.Release|Any CPU.ActiveCfg = Release|Any CPU
		{DF8BA9C4-0111-40FF-9F91-CD5D14D9D6EC}.Release|Any CPU.Build.0 = Release|Any CPU
		{DF8BA9C4-0111-40FF-9F91-CD5D14D9D6EC}.Release|x64.ActiveCfg = Release|x64
		{DF8BA9C4-0111-40FF-9F91-CD5D14D9D6EC}.Release|x64.Build.0 = Release|x64
		{DF8BA9C4-0111-40FF-9F91-CD5D14D9D6EC}.Release|x86.ActiveCfg = Release|x64
		{DF8BA9C4-0111-40FF-9F91-CD5D14D9D6EC}.Release|x86.Build.0 = Release|x64
		{210A27C3-3BBA-4763-9845-4F0B3AFC65D9}.Debug|Any CPU.ActiveCfg = Debug|Any CPU
		{210A27C3-3BBA-4763-9845-4F0B3AFC65D9}.Debug|Any CPU.Build.0 = Debug|Any CPU
		{210A27C3-3BBA-4763-9845-4F0B3AFC65D9}.Debug|x64.ActiveCfg = Debug|Any CPU
		{210A27C3-3BBA-4763-9845-4F0B3AFC65D9}.Debug|x64.Build.0 = Debug|Any CPU
		{210A27C3-3BBA-4763-9845-4F0B3AFC65D9}.Debug|x86.ActiveCfg = Debug|x86
		{210A27C3-3BBA-4763-9845-4F0B3AFC65D9}.Debug|x86.Build.0 = Debug|x86
		{210A27C3-3BBA-4763-9845-4F0B3AFC65D9}.Release|Any CPU.ActiveCfg = Release|Any CPU
		{210A27C3-3BBA-4763-9845-4F0B3AFC65D9}.Release|Any CPU.Build.0 = Release|Any CPU
		{210A27C3-3BBA-4763-9845-4F0B3AFC65D9}.Release|x64.ActiveCfg = Release|x64
		{210A27C3-3BBA-4763-9845-4F0B3AFC65D9}.Release|x64.Build.0 = Release|x64
		{210A27C3-3BBA-4763-9845-4F0B3AFC65D9}.Release|x86.ActiveCfg = Release|x64
		{210A27C3-3BBA-4763-9845-4F0B3AFC65D9}.Release|x86.Build.0 = Release|x64
	EndGlobalSection
	GlobalSection(SolutionProperties) = preSolution
		HideSolutionNode = FALSE
	EndGlobalSection
	GlobalSection(NestedProjects) = preSolution
		{84BA9130-6B95-483C-974A-8ACF5A0E951F} = {9726211E-5A62-4CFC-B61C-D0812308CAAC}
		{DF318E3B-5CE5-4A32-881F-FBDE163C3F24} = {84BA9130-6B95-483C-974A-8ACF5A0E951F}
		{E24A70F3-A38A-48D5-9C67-37B3CF4B10A8} = {84BA9130-6B95-483C-974A-8ACF5A0E951F}
		{210A27C3-3BBA-4763-9845-4F0B3AFC65D9} = {DF318E3B-5CE5-4A32-881F-FBDE163C3F24}
	EndGlobalSection
	GlobalSection(ExtensibilityGlobals) = postSolution
		SolutionGuid = {284E1157-329A-48C1-B3AF-CC00CC06C018}
	EndGlobalSection
EndGlobal
